
Microsoft Visual Studio Solution File, Format Version 12.00
# Visual Studio Version 17
VisualStudioVersion = 17.9.34607.119
MinimumVisualStudioVersion = 10.0.40219.1
Project("{FAE04EC0-301F-11D3-BF4B-00C04F79EFBC}") = "ClassLibrary1", "ClassLibrary1\ClassLibrary1.csproj", "{B4453431-667A-4493-B10C-CD2E46B7F374}"
EndProject
Global
	GlobalSection(SolutionConfigurationPlatforms) = preSolution
		Debug|Any CPU = Debug|Any CPU
		Release|Any CPU = Release|Any CPU
	EndGlobalSection
	GlobalSection(ProjectConfigurationPlatforms) = postSolution
		{B4453431-667A-4493-B10C-CD2E46B7F374}.Debug|Any CPU.ActiveCfg = Debug|Any CPU
		{B4453431-667A-4493-B10C-CD2E46B7F374}.Debug|Any CPU.Build.0 = Debug|Any CPU
		{B4453431-667A-4493-B10C-CD2E46B7F374}.Release|Any CPU.ActiveCfg = Release|Any CPU
		{B4453431-667A-4493-B10C-CD2E46B7F374}.Release|Any CPU.Build.0 = Release|Any CPU
	EndGlobalSection
	GlobalSection(SolutionProperties) = preSolution
		HideSolutionNode = FALSE
	EndGlobalSection
	GlobalSection(ExtensibilityGlobals) = postSolution
		SolutionGuid = {4A987618-6D55-4367-9F43-0124D1B219D1}
	EndGlobalSection
EndGlobal
